<?xml version="1.0" encoding="utf-8"?>
<Project ToolsVersion="4.0" xmlns="http://schemas.microsoft.com/developer/msbuild/2003">
  <ItemGroup>
    <Filter Include="unzip">
      <UniqueIdentifier>{614e9750-a4e5-440b-8b63-5d420c1cb8e0}</UniqueIdentifier>
    </Filter>
    <Filter Include="tinyxml2">
      <UniqueIdentifier>{0ada341d-936e-440e-895d-7bdf99e945bf}</UniqueIdentifier>
    </Filter>
    <Filter Include="stb">
<<<<<<< HEAD
      <UniqueIdentifier>{fde43590-574d-4dd9-8110-71195291bfdb}</UniqueIdentifier>
=======
      <UniqueIdentifier>{548cd4b8-75d8-4184-b9f5-dc96a5a64e13}</UniqueIdentifier>
>>>>>>> d270b982c6217274f9fd3fe305b6b8ddc00dab5c
    </Filter>
  </ItemGroup>
  <ItemGroup>
    <ClCompile Include="..\..\src\deps\unzip\unzip.cpp">
      <Filter>unzip</Filter>
    </ClCompile>
    <ClCompile Include="..\..\src\deps\tinyxml2\tinyxml2.cpp">
      <Filter>tinyxml2</Filter>
    </ClCompile>
    <ClCompile Include="..\..\src\deps\stb\stb_image.c">
      <Filter>stb</Filter>
    </ClCompile>
<<<<<<< HEAD
=======
    <ClCompile Include="..\..\src\deps\stb\stb_image_write.c">
      <Filter>stb</Filter>
    </ClCompile>
    <ClCompile Include="..\..\src\deps\stb\stb_vorbis.c">
      <Filter>stb</Filter>
    </ClCompile>
>>>>>>> d270b982c6217274f9fd3fe305b6b8ddc00dab5c
  </ItemGroup>
  <ItemGroup>
    <ClInclude Include="..\..\src\deps\unzip\unzip.h">
      <Filter>unzip</Filter>
    </ClInclude>
    <ClInclude Include="..\..\src\deps\tinyxml2\tinyxml2.h">
      <Filter>tinyxml2</Filter>
    </ClInclude>
    <ClInclude Include="..\..\src\deps\stb\stb_image.h">
      <Filter>stb</Filter>
    </ClInclude>
<<<<<<< HEAD
=======
    <ClInclude Include="..\..\src\deps\stb\stb_image_write.h">
      <Filter>stb</Filter>
    </ClInclude>
    <ClInclude Include="..\..\src\deps\stb\stb_vorbis.h">
      <Filter>stb</Filter>
    </ClInclude>
>>>>>>> d270b982c6217274f9fd3fe305b6b8ddc00dab5c
  </ItemGroup>
</Project>