<?xml version="1.0" encoding="utf-8"?>
<Project ToolsVersion="4.0" xmlns="http://schemas.microsoft.com/developer/msbuild/2003">
  <ItemGroup>
    <Filter Include="unzip">
      <UniqueIdentifier>{614e9750-a4e5-440b-8b63-5d420c1cb8e0}</UniqueIdentifier>
    </Filter>
    <Filter Include="tinyxml">
      <UniqueIdentifier>{007a35bf-7151-4431-a873-cdf166abbc56}</UniqueIdentifier>
    </Filter>
  </ItemGroup>
  <ItemGroup>
    <ClCompile Include="..\..\src\deps\unzip\unzip.cpp">
      <Filter>unzip</Filter>
    </ClCompile>
    <ClCompile Include="..\..\src\deps\tinyxml\tinyxmlparser.cpp">
      <Filter>tinyxml</Filter>
    </ClCompile>
    <ClCompile Include="..\..\src\deps\tinyxml\tinyxmlerror.cpp">
      <Filter>tinyxml</Filter>
    </ClCompile>
    <ClCompile Include="..\..\src\deps\tinyxml\tinyxml.cpp">
      <Filter>tinyxml</Filter>
    </ClCompile>
    <ClCompile Include="..\..\src\deps\tinyxml\tinystr.cpp">
      <Filter>tinyxml</Filter>
    </ClCompile>
  </ItemGroup>
  <ItemGroup>
    <ClInclude Include="..\..\src\deps\unzip\unzip.h">
      <Filter>unzip</Filter>
    </ClInclude>
  </ItemGroup>
</Project>