<?xml version="1.0" encoding="utf-8"?>
<Project ToolsVersion="4.0" xmlns="http://schemas.microsoft.com/developer/msbuild/2003">
  <ItemGroup>
    <Filter Include="inc">
      <UniqueIdentifier>{93995380-89BD-4b04-88EB-625FBE52EBFB}</UniqueIdentifier>
      <Extensions>h;hpp;hxx;hm;inl;inc;xsd</Extensions>
    </Filter>
    <Filter Include="resources">
      <UniqueIdentifier>{67DA6AB6-F800-4c08-8B7A-83BB121AAD01}</UniqueIdentifier>
      <Extensions>rc;ico;cur;bmp;dlg;rc2;rct;bin;rgs;gif;jpg;jpeg;jpe;resx;tiff;tif;png;wav;mfcribbon-ms</Extensions>
    </Filter>
    <Filter Include="src">
      <UniqueIdentifier>{4FC737F1-C7A5-4376-A066-2A32D752A2FF}</UniqueIdentifier>
      <Extensions>cpp;c;cc;cxx;def;odl;idl;hpj;bat;asm;asmx</Extensions>
    </Filter>
    <Filter Include="inc\kernel">
      <UniqueIdentifier>{72b0ba8d-8f10-4d4d-8db2-ce4991eede44}</UniqueIdentifier>
    </Filter>
    <Filter Include="src\kernel">
      <UniqueIdentifier>{b9a25b53-4d0b-4ef3-bc51-2078654700e1}</UniqueIdentifier>
    </Filter>
    <Filter Include="inc\mathlib">
      <UniqueIdentifier>{a33ff9be-2339-485a-be07-93e2a24f127c}</UniqueIdentifier>
    </Filter>
    <Filter Include="inc\input">
      <UniqueIdentifier>{e1696423-e09d-4b69-8b99-0423d6f451ce}</UniqueIdentifier>
    </Filter>
    <Filter Include="inc\render">
      <UniqueIdentifier>{ea756d8c-8895-457e-9ccd-0f646ea00ac9}</UniqueIdentifier>
    </Filter>
    <Filter Include="src\kernel\win">
      <UniqueIdentifier>{a2e5d380-c08c-4568-839f-b594e88cd4cd}</UniqueIdentifier>
    </Filter>
    <Filter Include="src\kernel\filesystem">
      <UniqueIdentifier>{96e0dab9-ac63-4b55-b358-00bb074e7184}</UniqueIdentifier>
    </Filter>
    <Filter Include="src\render">
      <UniqueIdentifier>{8c7480ce-e189-4d6e-a01a-fa0546d5295b}</UniqueIdentifier>
    </Filter>
    <Filter Include="src\render\sdl">
      <UniqueIdentifier>{7afa239e-ff35-46bb-8dd1-069be2d2fccd}</UniqueIdentifier>
    </Filter>
    <Filter Include="src\input">
      <UniqueIdentifier>{ca32336f-0329-445b-b605-39b3b0d17497}</UniqueIdentifier>
    </Filter>
    <Filter Include="src\input\sdl">
      <UniqueIdentifier>{958efaf3-4a54-40cd-8aaa-903678bb78bf}</UniqueIdentifier>
    </Filter>
    <Filter Include="inc\scene">
      <UniqueIdentifier>{000c995a-716e-4d2c-a5f0-6771fc00f22c}</UniqueIdentifier>
    </Filter>
    <Filter Include="src\scene">
      <UniqueIdentifier>{dec55be1-5c7f-4bff-acca-c21d9d9883d9}</UniqueIdentifier>
    </Filter>
  </ItemGroup>
  <ItemGroup>
    <ClInclude Include="..\..\inc\kernel\platform.h">
      <Filter>inc\kernel</Filter>
    </ClInclude>
    <ClInclude Include="..\..\inc\kernel\crc.h">
      <Filter>inc\kernel</Filter>
    </ClInclude>
    <ClInclude Include="..\..\inc\kernel\kerneltypes.h">
      <Filter>inc\kernel</Filter>
    </ClInclude>
    <ClInclude Include="..\..\inc\kernel\debug.h">
      <Filter>inc\kernel</Filter>
    </ClInclude>
    <ClInclude Include="..\..\inc\kernel\args.h">
      <Filter>inc\kernel</Filter>
    </ClInclude>
    <ClInclude Include="..\..\inc\kernel\idynlib.h">
      <Filter>inc\kernel</Filter>
    </ClInclude>
    <ClInclude Include="..\..\inc\kernel\iarchive.h">
      <Filter>inc\kernel</Filter>
    </ClInclude>
    <ClInclude Include="..\..\inc\kernel\icmdsystem.h">
      <Filter>inc\kernel</Filter>
    </ClInclude>
    <ClInclude Include="..\..\inc\kernel\ifile.h">
      <Filter>inc\kernel</Filter>
    </ClInclude>
    <ClInclude Include="..\..\inc\kernel\isubsystem.h">
      <Filter>inc\kernel</Filter>
    </ClInclude>
    <ClInclude Include="..\..\inc\kernel\ifilesystem.h">
      <Filter>inc\kernel</Filter>
    </ClInclude>
    <ClInclude Include="..\..\inc\kernel\ikernel.h">
      <Filter>inc\kernel</Filter>
    </ClInclude>
    <ClInclude Include="..\..\inc\kernel\ilog.h">
      <Filter>inc\kernel</Filter>
    </ClInclude>
    <ClInclude Include="..\..\inc\kernel\ilogwriter.h">
      <Filter>inc\kernel</Filter>
    </ClInclude>
    <ClInclude Include="..\..\inc\kernel\ixml.h">
      <Filter>inc\kernel</Filter>
    </ClInclude>
    <ClInclude Include="..\..\inc\mathlib\mat4.h">
      <Filter>inc\mathlib</Filter>
    </ClInclude>
    <ClInclude Include="..\..\inc\mathlib\mathlib.h">
      <Filter>inc\mathlib</Filter>
    </ClInclude>
    <ClInclude Include="..\..\inc\mathlib\vec2.h">
      <Filter>inc\mathlib</Filter>
    </ClInclude>
    <ClInclude Include="..\..\inc\mathlib\vec3.h">
      <Filter>inc\mathlib</Filter>
    </ClInclude>
    <ClInclude Include="..\..\inc\mathlib\vec4.h">
      <Filter>inc\mathlib</Filter>
    </ClInclude>
    <ClInclude Include="..\..\inc\mathlib\boundbox.h">
      <Filter>inc\mathlib</Filter>
    </ClInclude>
    <ClInclude Include="..\..\inc\mathlib\boundsphere.h">
      <Filter>inc\mathlib</Filter>
    </ClInclude>
    <ClInclude Include="..\..\inc\mathlib\frustum.h">
      <Filter>inc\mathlib</Filter>
    </ClInclude>
    <ClInclude Include="..\..\inc\mathlib\plane.h">
      <Filter>inc\mathlib</Filter>
    </ClInclude>
    <ClInclude Include="..\..\inc\mathlib\quat.h">
      <Filter>inc\mathlib</Filter>
    </ClInclude>
    <ClInclude Include="..\..\inc\kernel\imutex.h">
      <Filter>inc\kernel</Filter>
    </ClInclude>
    <ClInclude Include="..\..\inc\kernel\isystem.h">
      <Filter>inc\kernel</Filter>
    </ClInclude>
    <ClInclude Include="..\..\inc\kernel\iupdateable.h">
      <Filter>inc\kernel</Filter>
    </ClInclude>
    <ClInclude Include="..\..\inc\kernel\iupdatesystem.h">
      <Filter>inc\kernel</Filter>
    </ClInclude>
    <ClInclude Include="..\..\inc\kernel\ivarsystem.h">
      <Filter>inc\kernel</Filter>
    </ClInclude>
    <ClInclude Include="..\..\inc\input\actionkeyboard.h">
      <Filter>inc\input</Filter>
    </ClInclude>
    <ClInclude Include="..\..\inc\input\actionmouse.h">
      <Filter>inc\input</Filter>
    </ClInclude>
    <ClInclude Include="..\..\inc\input\iinputaction.h">
      <Filter>inc\input</Filter>
    </ClInclude>
    <ClInclude Include="..\..\inc\input\iinputdevice.h">
      <Filter>inc\input</Filter>
    </ClInclude>
    <ClInclude Include="..\..\inc\input\iinputsystem.h">
      <Filter>inc\input</Filter>
    </ClInclude>
    <ClInclude Include="..\..\inc\input\ikeyboarddevice.h">
      <Filter>inc\input</Filter>
    </ClInclude>
    <ClInclude Include="..\..\inc\input\imousedevice.h">
      <Filter>inc\input</Filter>
    </ClInclude>
    <ClInclude Include="..\..\inc\input\inputtypes.h">
      <Filter>inc\input</Filter>
    </ClInclude>
    <ClInclude Include="..\..\inc\render\rendertypes.h">
      <Filter>inc\render</Filter>
    </ClInclude>
    <ClInclude Include="..\..\inc\render\imesh.h">
      <Filter>inc\render</Filter>
    </ClInclude>
    <ClInclude Include="..\..\src\kernel\win\dynlibwin.h">
      <Filter>src\kernel\win</Filter>
    </ClInclude>
    <ClInclude Include="..\..\src\kernel\win\mutexwin.h">
      <Filter>src\kernel\win</Filter>
    </ClInclude>
    <ClInclude Include="..\..\src\kernel\win\systemwin.h">
      <Filter>src\kernel\win</Filter>
    </ClInclude>
    <ClInclude Include="..\..\src\kernel\kernel.h">
      <Filter>src\kernel</Filter>
    </ClInclude>
    <ClInclude Include="..\..\src\kernel\logwritertext.h">
      <Filter>src\kernel</Filter>
    </ClInclude>
    <ClInclude Include="..\..\src\kernel\log.h">
      <Filter>src\kernel</Filter>
    </ClInclude>
    <ClInclude Include="..\..\src\kernel\varsystem.h">
      <Filter>src\kernel</Filter>
    </ClInclude>
    <ClInclude Include="..\..\src\kernel\updatesystem.h">
      <Filter>src\kernel</Filter>
    </ClInclude>
    <ClInclude Include="..\..\src\kernel\file.h">
      <Filter>src\kernel\filesystem</Filter>
    </ClInclude>
    <ClInclude Include="..\..\src\kernel\filezip.h">
      <Filter>src\kernel\filesystem</Filter>
    </ClInclude>
    <ClInclude Include="..\..\src\kernel\archivezip.h">
      <Filter>src\kernel\filesystem</Filter>
    </ClInclude>
    <ClInclude Include="..\..\src\kernel\filesystem.h">
      <Filter>src\kernel\filesystem</Filter>
    </ClInclude>
    <ClInclude Include="..\..\src\kernel\xml.h">
      <Filter>src\kernel\filesystem</Filter>
    </ClInclude>
    <ClInclude Include="..\..\src\kernel\enginevars.h">
      <Filter>src\kernel</Filter>
    </ClInclude>
    <ClInclude Include="..\..\src\kernel\cmdsystem.h">
      <Filter>src\kernel</Filter>
    </ClInclude>
    <ClInclude Include="..\..\src\kernel\system.h">
      <Filter>src\kernel</Filter>
    </ClInclude>
    <ClInclude Include="..\..\src\kernel\dynlib.h">
      <Filter>src\kernel</Filter>
    </ClInclude>
    <ClInclude Include="..\..\src\kernel\mutex.h">
      <Filter>src\kernel</Filter>
    </ClInclude>
    <ClInclude Include="..\..\inc\render\rendervertex.h">
      <Filter>inc\render</Filter>
    </ClInclude>
    <ClInclude Include="..\..\inc\kernel\precompiled.h">
      <Filter>inc</Filter>
    </ClInclude>
    <ClInclude Include="..\..\inc\render\irenderdriver.h">
      <Filter>inc\render</Filter>
    </ClInclude>
    <ClInclude Include="..\..\src\render\sdl\renderdriver_sdl.h">
      <Filter>src\render\sdl</Filter>
    </ClInclude>
    <ClInclude Include="..\..\inc\kernel\isystemevent.h">
      <Filter>inc\kernel</Filter>
    </ClInclude>
    <ClInclude Include="..\..\inc\kernel\iconsole.h">
      <Filter>inc\kernel</Filter>
    </ClInclude>
    <ClInclude Include="..\..\src\kernel\console.h">
      <Filter>src\kernel</Filter>
    </ClInclude>
    <ClInclude Include="..\..\src\input\sdl\inputsystem_sdl.h">
      <Filter>src\input\sdl</Filter>
    </ClInclude>
    <ClInclude Include="..\..\src\input\sdl\keyboard_sdl.h">
      <Filter>src\input\sdl</Filter>
    </ClInclude>
    <ClInclude Include="..\..\src\input\sdl\mouse_sdl.h">
      <Filter>src\input\sdl</Filter>
    </ClInclude>
    <ClInclude Include="..\..\inc\scene\iscene.h">
      <Filter>inc\scene</Filter>
    </ClInclude>
    <ClInclude Include="..\..\inc\scene\icamera.h">
      <Filter>inc\scene</Filter>
    </ClInclude>
    <ClInclude Include="..\..\inc\scene\icamera2d.h">
      <Filter>inc\scene</Filter>
    </ClInclude>
    <ClInclude Include="..\..\inc\scene\icamera3d.h">
      <Filter>inc\scene</Filter>
    </ClInclude>
    <ClInclude Include="..\..\src\scene\camera3d.h">
      <Filter>src\scene</Filter>
    </ClInclude>
    <ClInclude Include="..\..\src\scene\scene.h">
      <Filter>src\scene</Filter>
    </ClInclude>
    <ClInclude Include="..\..\inc\kernel\irefcount.h">
      <Filter>inc\kernel</Filter>
    </ClInclude>
    <ClInclude Include="..\..\inc\scene\iobject3d.h">
      <Filter>inc\scene</Filter>
    </ClInclude>
    <ClInclude Include="..\..\inc\scene\inode.h">
      <Filter>inc\scene</Filter>
    </ClInclude>
    <ClInclude Include="..\..\inc\render\iface.h">
      <Filter>inc\render</Filter>
    </ClInclude>
    <ClInclude Include="..\..\inc\render\iimage.h">
      <Filter>inc\render</Filter>
    </ClInclude>
    <ClInclude Include="..\..\inc\render\itexture.h">
      <Filter>inc\render</Filter>
    </ClInclude>
    <ClInclude Include="..\..\src\render\sdl\texture_sdl.h">
      <Filter>src\render\sdl</Filter>
    </ClInclude>
    <ClInclude Include="..\..\inc\kernel\iresource.h">
      <Filter>inc\kernel</Filter>
    </ClInclude>
    <ClInclude Include="..\..\inc\kernel\iresourcemanager.h">
      <Filter>inc\kernel</Filter>
    </ClInclude>
    <ClInclude Include="..\..\src\kernel\resourcemanager.h">
      <Filter>src\kernel</Filter>
    </ClInclude>
    <ClInclude Include="..\..\inc\kernel\version.h">
      <Filter>inc\kernel</Filter>
    </ClInclude>
  </ItemGroup>
  <ItemGroup>
    <ClCompile Include="..\..\src\kernel\precompiled.cpp">
      <Filter>src\kernel</Filter>
    </ClCompile>
    <ClCompile Include="..\..\src\kernel\crc.cpp">
      <Filter>src\kernel</Filter>
    </ClCompile>
    <ClCompile Include="..\..\src\kernel\win\dynlibwin.cpp">
      <Filter>src\kernel\win</Filter>
    </ClCompile>
    <ClCompile Include="..\..\src\kernel\win\mutexwin.cpp">
      <Filter>src\kernel\win</Filter>
    </ClCompile>
    <ClCompile Include="..\..\src\kernel\win\systemwin.cpp">
      <Filter>src\kernel\win</Filter>
    </ClCompile>
    <ClCompile Include="..\..\src\kernel\kernel.cpp">
      <Filter>src\kernel</Filter>
    </ClCompile>
    <ClCompile Include="..\..\src\kernel\logwritertext.cpp">
      <Filter>src\kernel</Filter>
    </ClCompile>
    <ClCompile Include="..\..\src\kernel\log.cpp">
      <Filter>src\kernel</Filter>
    </ClCompile>
    <ClCompile Include="..\..\src\kernel\varsystem.cpp">
      <Filter>src\kernel</Filter>
    </ClCompile>
    <ClCompile Include="..\..\src\kernel\updatesystem.cpp">
      <Filter>src\kernel</Filter>
    </ClCompile>
    <ClCompile Include="..\..\src\kernel\file.cpp">
      <Filter>src\kernel\filesystem</Filter>
    </ClCompile>
    <ClCompile Include="..\..\src\kernel\filezip.cpp">
      <Filter>src\kernel\filesystem</Filter>
    </ClCompile>
    <ClCompile Include="..\..\src\kernel\archivezip.cpp">
      <Filter>src\kernel\filesystem</Filter>
    </ClCompile>
    <ClCompile Include="..\..\src\kernel\filesystem.cpp">
      <Filter>src\kernel\filesystem</Filter>
    </ClCompile>
    <ClCompile Include="..\..\src\kernel\xml.cpp">
      <Filter>src\kernel\filesystem</Filter>
    </ClCompile>
    <ClCompile Include="..\..\src\kernel\enginevars.cpp">
      <Filter>src\kernel</Filter>
    </ClCompile>
    <ClCompile Include="..\..\src\kernel\cmdsystem.cpp">
      <Filter>src\kernel</Filter>
    </ClCompile>
    <ClCompile Include="..\..\src\kernel\system.cpp">
      <Filter>src\kernel</Filter>
    </ClCompile>
    <ClCompile Include="..\..\src\kernel\dynlib.cpp">
      <Filter>src\kernel</Filter>
    </ClCompile>
    <ClCompile Include="..\..\src\kernel\mutex.cpp">
      <Filter>src\kernel</Filter>
    </ClCompile>
    <ClCompile Include="..\..\src\render\sdl\renderdriver_sdl.cpp">
      <Filter>src\render\sdl</Filter>
    </ClCompile>
    <ClCompile Include="..\..\src\kernel\console.cpp">
      <Filter>src\kernel</Filter>
    </ClCompile>
    <ClCompile Include="..\..\src\input\sdl\inputsystem_sdl.cpp">
      <Filter>src\input\sdl</Filter>
    </ClCompile>
    <ClCompile Include="..\..\src\input\sdl\keyboard_sdl.cpp">
      <Filter>src\input\sdl</Filter>
    </ClCompile>
    <ClCompile Include="..\..\src\input\sdl\mouse_sdl.cpp">
      <Filter>src\input\sdl</Filter>
    </ClCompile>
    <ClCompile Include="..\..\src\scene\camera3d.cpp">
      <Filter>src\scene</Filter>
    </ClCompile>
    <ClCompile Include="..\..\src\scene\scene.cpp">
      <Filter>src\scene</Filter>
    </ClCompile>
    <ClCompile Include="..\..\src\render\sdl\texture_sdl.cpp">
      <Filter>src\render\sdl</Filter>
    </ClCompile>
    <ClCompile Include="..\..\src\kernel\resourcemanager.cpp">
      <Filter>src\kernel</Filter>
    </ClCompile>
  </ItemGroup>
  <ItemGroup>
    <None Include="ClassDiagram1.cd" />
  </ItemGroup>
</Project>