<?xml version="1.0" encoding="utf-8"?>
<Project ToolsVersion="4.0" xmlns="http://schemas.microsoft.com/developer/msbuild/2003">
  <ItemGroup>
    <Filter Include="inc">
      <UniqueIdentifier>{93995380-89BD-4b04-88EB-625FBE52EBFB}</UniqueIdentifier>
      <Extensions>h;hpp;hxx;hm;inl;inc;xsd</Extensions>
    </Filter>
    <Filter Include="resources">
      <UniqueIdentifier>{67DA6AB6-F800-4c08-8B7A-83BB121AAD01}</UniqueIdentifier>
      <Extensions>rc;ico;cur;bmp;dlg;rc2;rct;bin;rgs;gif;jpg;jpeg;jpe;resx;tiff;tif;png;wav;mfcribbon-ms</Extensions>
    </Filter>
    <Filter Include="src">
      <UniqueIdentifier>{4FC737F1-C7A5-4376-A066-2A32D752A2FF}</UniqueIdentifier>
      <Extensions>cpp;c;cc;cxx;def;odl;idl;hpj;bat;asm;asmx</Extensions>
    </Filter>
    <Filter Include="inc\kernel">
      <UniqueIdentifier>{72b0ba8d-8f10-4d4d-8db2-ce4991eede44}</UniqueIdentifier>
    </Filter>
    <Filter Include="src\kernel">
      <UniqueIdentifier>{b9a25b53-4d0b-4ef3-bc51-2078654700e1}</UniqueIdentifier>
    </Filter>
    <Filter Include="inc\mathlib">
      <UniqueIdentifier>{a33ff9be-2339-485a-be07-93e2a24f127c}</UniqueIdentifier>
    </Filter>
    <Filter Include="inc\input">
      <UniqueIdentifier>{e1696423-e09d-4b69-8b99-0423d6f451ce}</UniqueIdentifier>
    </Filter>
    <Filter Include="inc\render">
      <UniqueIdentifier>{ea756d8c-8895-457e-9ccd-0f646ea00ac9}</UniqueIdentifier>
    </Filter>
    <Filter Include="src\kernel\win">
      <UniqueIdentifier>{a2e5d380-c08c-4568-839f-b594e88cd4cd}</UniqueIdentifier>
    </Filter>
    <Filter Include="src\kernel\filesystem">
      <UniqueIdentifier>{96e0dab9-ac63-4b55-b358-00bb074e7184}</UniqueIdentifier>
    </Filter>
  </ItemGroup>
  <ItemGroup>
    <ClInclude Include="..\..\inc\kernel\precompiled.h">
      <Filter>inc\kernel</Filter>
    </ClInclude>
    <ClInclude Include="..\..\inc\kernel\platform.h">
      <Filter>inc\kernel</Filter>
    </ClInclude>
    <ClInclude Include="..\..\inc\kernel\crc.h">
      <Filter>inc\kernel</Filter>
    </ClInclude>
    <ClInclude Include="..\..\inc\kernel\kerneltypes.h">
      <Filter>inc\kernel</Filter>
    </ClInclude>
    <ClInclude Include="..\..\inc\kernel\debug.h">
      <Filter>inc\kernel</Filter>
    </ClInclude>
    <ClInclude Include="..\..\inc\kernel\refcount.h">
      <Filter>inc\kernel</Filter>
    </ClInclude>
    <ClInclude Include="..\..\inc\kernel\args.h">
      <Filter>inc\kernel</Filter>
    </ClInclude>
    <ClInclude Include="..\..\inc\kernel\idynlib.h">
      <Filter>inc\kernel</Filter>
    </ClInclude>
    <ClInclude Include="..\..\inc\kernel\iarchive.h">
      <Filter>inc\kernel</Filter>
    </ClInclude>
    <ClInclude Include="..\..\inc\kernel\icmdsystem.h">
      <Filter>inc\kernel</Filter>
    </ClInclude>
    <ClInclude Include="..\..\inc\kernel\ifile.h">
      <Filter>inc\kernel</Filter>
    </ClInclude>
    <ClInclude Include="..\..\inc\kernel\isubsystem.h">
      <Filter>inc\kernel</Filter>
    </ClInclude>
    <ClInclude Include="..\..\inc\kernel\ifilesystem.h">
      <Filter>inc\kernel</Filter>
    </ClInclude>
    <ClInclude Include="..\..\inc\kernel\ikernel.h">
      <Filter>inc\kernel</Filter>
    </ClInclude>
    <ClInclude Include="..\..\inc\kernel\ilog.h">
      <Filter>inc\kernel</Filter>
    </ClInclude>
    <ClInclude Include="..\..\inc\kernel\ilogwriter.h">
      <Filter>inc\kernel</Filter>
    </ClInclude>
    <ClInclude Include="..\..\inc\kernel\ixml.h">
      <Filter>inc\kernel</Filter>
    </ClInclude>
    <ClInclude Include="..\..\inc\mathlib\mat4.h">
      <Filter>inc\mathlib</Filter>
    </ClInclude>
    <ClInclude Include="..\..\inc\mathlib\mathlib.h">
      <Filter>inc\mathlib</Filter>
    </ClInclude>
    <ClInclude Include="..\..\inc\mathlib\vec2.h">
      <Filter>inc\mathlib</Filter>
    </ClInclude>
    <ClInclude Include="..\..\inc\mathlib\vec3.h">
      <Filter>inc\mathlib</Filter>
    </ClInclude>
    <ClInclude Include="..\..\inc\mathlib\vec4.h">
      <Filter>inc\mathlib</Filter>
    </ClInclude>
    <ClInclude Include="..\..\inc\mathlib\boundbox.h">
      <Filter>inc\mathlib</Filter>
    </ClInclude>
    <ClInclude Include="..\..\inc\mathlib\boundsphere.h">
      <Filter>inc\mathlib</Filter>
    </ClInclude>
    <ClInclude Include="..\..\inc\mathlib\frustum.h">
      <Filter>inc\mathlib</Filter>
    </ClInclude>
    <ClInclude Include="..\..\inc\mathlib\plane.h">
      <Filter>inc\mathlib</Filter>
    </ClInclude>
    <ClInclude Include="..\..\inc\mathlib\quat.h">
      <Filter>inc\mathlib</Filter>
    </ClInclude>
    <ClInclude Include="..\..\inc\mathlib\transform.h">
      <Filter>inc\mathlib</Filter>
    </ClInclude>
    <ClInclude Include="..\..\inc\kernel\imutex.h">
      <Filter>inc\kernel</Filter>
    </ClInclude>
    <ClInclude Include="..\..\inc\kernel\isystem.h">
      <Filter>inc\kernel</Filter>
    </ClInclude>
    <ClInclude Include="..\..\inc\kernel\iupdateable.h">
      <Filter>inc\kernel</Filter>
    </ClInclude>
    <ClInclude Include="..\..\inc\kernel\iupdatesystem.h">
      <Filter>inc\kernel</Filter>
    </ClInclude>
    <ClInclude Include="..\..\inc\kernel\ivarsystem.h">
      <Filter>inc\kernel</Filter>
    </ClInclude>
    <ClInclude Include="..\..\inc\kernel\node.h">
      <Filter>inc\kernel</Filter>
    </ClInclude>
    <ClInclude Include="..\..\inc\input\actionkeyboard.h">
      <Filter>inc\input</Filter>
    </ClInclude>
    <ClInclude Include="..\..\inc\input\actionmouse.h">
      <Filter>inc\input</Filter>
    </ClInclude>
    <ClInclude Include="..\..\inc\input\iinputaction.h">
      <Filter>inc\input</Filter>
    </ClInclude>
    <ClInclude Include="..\..\inc\input\iinputdevice.h">
      <Filter>inc\input</Filter>
    </ClInclude>
    <ClInclude Include="..\..\inc\input\iinputsystem.h">
      <Filter>inc\input</Filter>
    </ClInclude>
    <ClInclude Include="..\..\inc\input\ikeyboarddevice.h">
      <Filter>inc\input</Filter>
    </ClInclude>
    <ClInclude Include="..\..\inc\input\imousedevice.h">
      <Filter>inc\input</Filter>
    </ClInclude>
    <ClInclude Include="..\..\inc\input\inputtypes.h">
      <Filter>inc\input</Filter>
    </ClInclude>
    <ClInclude Include="..\..\inc\render\rendertypes.h">
      <Filter>inc\render</Filter>
    </ClInclude>
    <ClInclude Include="..\..\inc\render\imesh.h">
      <Filter>inc\render</Filter>
    </ClInclude>
    <ClInclude Include="..\..\src\kernel\win\dynlibwin.h">
      <Filter>src\kernel\win</Filter>
    </ClInclude>
    <ClInclude Include="..\..\src\kernel\win\mutexwin.h">
      <Filter>src\kernel\win</Filter>
    </ClInclude>
    <ClInclude Include="..\..\src\kernel\win\systemwin.h">
      <Filter>src\kernel\win</Filter>
    </ClInclude>
    <ClInclude Include="..\..\src\kernel\kernel.h">
      <Filter>src\kernel</Filter>
    </ClInclude>
    <ClInclude Include="..\..\src\kernel\logwritertext.h">
      <Filter>src\kernel</Filter>
    </ClInclude>
    <ClInclude Include="..\..\src\kernel\log.h">
      <Filter>src\kernel</Filter>
    </ClInclude>
    <ClInclude Include="..\..\src\kernel\varsystem.h">
      <Filter>src\kernel</Filter>
    </ClInclude>
    <ClInclude Include="..\..\src\kernel\updatesystem.h">
      <Filter>src\kernel</Filter>
    </ClInclude>
    <ClInclude Include="..\..\src\kernel\file.h">
      <Filter>src\kernel\filesystem</Filter>
    </ClInclude>
    <ClInclude Include="..\..\src\kernel\filezip.h">
      <Filter>src\kernel\filesystem</Filter>
    </ClInclude>
  </ItemGroup>
  <ItemGroup>
    <ClCompile Include="..\..\src\kernel\precompiled.cpp">
      <Filter>src\kernel</Filter>
    </ClCompile>
    <ClCompile Include="..\..\src\kernel\crc.cpp">
      <Filter>src\kernel</Filter>
    </ClCompile>
    <ClCompile Include="..\..\src\kernel\win\dynlibwin.cpp">
      <Filter>src\kernel\win</Filter>
    </ClCompile>
    <ClCompile Include="..\..\src\kernel\win\mutexwin.cpp">
      <Filter>src\kernel\win</Filter>
    </ClCompile>
    <ClCompile Include="..\..\src\kernel\win\systemwin.cpp">
      <Filter>src\kernel\win</Filter>
    </ClCompile>
    <ClCompile Include="..\..\src\kernel\kernel.cpp">
      <Filter>src\kernel</Filter>
    </ClCompile>
    <ClCompile Include="..\..\src\kernel\logwritertext.cpp">
      <Filter>src\kernel</Filter>
    </ClCompile>
    <ClCompile Include="..\..\src\kernel\log.cpp">
      <Filter>src\kernel</Filter>
    </ClCompile>
    <ClCompile Include="..\..\src\kernel\varsystem.cpp">
      <Filter>src\kernel</Filter>
    </ClCompile>
    <ClCompile Include="..\..\src\kernel\updatesystem.cpp">
      <Filter>src\kernel</Filter>
    </ClCompile>
    <ClCompile Include="..\..\src\kernel\file.cpp">
      <Filter>src\kernel\filesystem</Filter>
    </ClCompile>
    <ClCompile Include="..\..\src\kernel\filezip.cpp">
      <Filter>src\kernel\filesystem</Filter>
    </ClCompile>
  </ItemGroup>
</Project>